
Microsoft Visual Studio Solution File, Format Version 12.00
# Visual Studio Version 16
VisualStudioVersion = 16.0.30330.147
MinimumVisualStudioVersion = 10.0.40219.1
Project("{9A19103F-16F7-4668-BE54-9A1E7A4F7556}") = "Question1", "Question1.csproj", "{F5A9BD72-54E3-44DB-AAC0-23CD0FBC8713}"
EndProject
Global
	GlobalSection(SolutionConfigurationPlatforms) = preSolution
		Debug|Any CPU = Debug|Any CPU
		Release|Any CPU = Release|Any CPU
	EndGlobalSection
	GlobalSection(ProjectConfigurationPlatforms) = postSolution
		{F5A9BD72-54E3-44DB-AAC0-23CD0FBC8713}.Debug|Any CPU.ActiveCfg = Debug|Any CPU
		{F5A9BD72-54E3-44DB-AAC0-23CD0FBC8713}.Debug|Any CPU.Build.0 = Debug|Any CPU
		{F5A9BD72-54E3-44DB-AAC0-23CD0FBC8713}.Release|Any CPU.ActiveCfg = Release|Any CPU
		{F5A9BD72-54E3-44DB-AAC0-23CD0FBC8713}.Release|Any CPU.Build.0 = Release|Any CPU
	EndGlobalSection
	GlobalSection(SolutionProperties) = preSolution
		HideSolutionNode = FALSE
	EndGlobalSection
	GlobalSection(ExtensibilityGlobals) = postSolution
		SolutionGuid = {30924977-97E7-488B-9878-BD1B39EDB33A}
	EndGlobalSection
EndGlobal
